---
lockfileVersion: "9.0"

importers:
  .:
    configDependencies: {}
    packageManagerDependencies:
      pnpm:
        specifier: 12.5.1
        version: 12.5.1

packages:
  "@pnpm/exe.android-arm64@12.5.1":
    resolution:
      {
        integrity: sha512-6LGBmQuDzUmgpHSuy+haG0jrmkwFNa4EuShDZqK3cIBv4Wfb75CzjJmowkzr+iJg40vnBKMQ62t4Ko6mwsId7A==,
      }
    cpu: [arm64]
    os: [android]

  "@pnpm/exe.android-x64@12.5.1":
    resolution:
      {
        integrity: sha512-091oCltP3Rx89yxL1Wh5rXkUXEyFzyxIzSHKRFDyDFlQkb8Ox8FaDcm+M8PNkMyqnLA+qeGOLzY7Rjj9izl1Ww==,
      }
    cpu: [x64]
    os: [android]

  "@pnpm/exe.darwin-arm64@12.5.1":
    resolution:
      {
        integrity: sha512-r1vEMQPVjRexZMyL2HonxJoo3+nuB/+G+tg+f2PK6faRdXX1TDwevKXOxJAfqlPInTy6W/pm912+s+m0NcR4BQ==,
      }
    cpu: [arm64]
    os: [darwin]

  "@pnpm/exe.darwin-x64@12.5.1":
    resolution:
      {
        integrity: sha512-YHwI1g2B+Y2cAEylOR31r781GWijdJL7Gy7TEn/ZpZ5v/Cuwp5/Pz0EFCgo0M2MKLafAbL/laUMGvOpAdnerAw==,
      }
    cpu: [x64]
    os: [darwin]

  "@pnpm/exe.freebsd-x64@12.5.1":
    resolution:
      {
        integrity: sha512-sFUMHiYFs6q5syFwgaVppzhQSmqnXoJIz/YwTXIOXTDE76ndIpTRpDGAnBCBKjsaEBnqjJA/2l6hpJcNDNoMiA==,
      }
    cpu: [x64]
    os: [freebsd]

  "@pnpm/exe.linux-arm64-musl@12.5.1":
    resolution:
      {
        integrity: sha512-zupuxYZBuBEGjUz805/4/Asq01UNziFADANt8yp+LdUjU9bbMa3xY78Bx1PsGDqBy7aiad4sdUMK8ZxH4n4gmQ==,
      }
    cpu: [arm64]
    os: [linux]
    libc: [musl]

  "@pnpm/exe.linux-arm64@12.5.1":
    resolution:
      {
        integrity: sha512-6hbMWW2/eQo1b5wvQPe/ndLHVTH88Rav6N+ffD4/h6IuFMjWCgasFYYsFv0GrvpqREAx3SwmZSvli+0NFXqbxA==,
      }
    cpu: [arm64]
    os: [linux]
    libc: [glibc]

  "@pnpm/exe.linux-ppc64@12.5.1":
    resolution:
      {
        integrity: sha512-Gg3maDzaE/ZFMV9HIx/BwMN0Y6QbEs13URfxmiYHtKjjLAs5wEQZRMUP87YNLYO7cNaEfbM8GRbS9vPosyD9Gw==,
      }
    cpu: [ppc64]
    os: [linux]
    libc: [glibc]

  "@pnpm/exe.linux-riscv64@12.5.1":
    resolution:
      {
        integrity: sha512-6fgWxXYMBMsWQ8DAiRevscX4QZQjwh+FsyCj8ZOk8pMXvqeq84MqBLCmS6KckvnbdqJ+HlSVQ7fs/kd0ldwfhA==,
      }
    cpu: [riscv64]
    os: [linux]
    libc: [glibc]

  "@pnpm/exe.linux-s390x@12.5.1":
    resolution:
      {
        integrity: sha512-nzMZruRvxDhEfYUhzu+7EmM39+82Dgagc/6hPFPqGqzXNGcIG0anuxbUxfeNtI64SHt91KuuYUmCB/inlM+Pag==,
      }
    cpu: [s390x]
    os: [linux]
    libc: [glibc]

  "@pnpm/exe.linux-x64-musl@12.5.1":
    resolution:
      {
        integrity: sha512-kHCbegdTNHpzmPtUD4S5fqkVkqgdQR47spF9p2VPP3dIIkZl6Ytk8w0vhlAsAGgge8FmucfwX+vvPKgm0NtOCQ==,
      }
    cpu: [x64]
    os: [linux]
    libc: [musl]

  "@pnpm/exe.linux-x64@12.5.1":
    resolution:
      {
        integrity: sha512-3PkUBYo5z4dgtlnTNIFj7QGpcDUAuqXz9WGVigPDCeccEnhGiRkWmA5102TmYJHtwJP3LfmE+ZF9PGeWhn8p9Q==,
      }
    cpu: [x64]
    os: [linux]
    libc: [glibc]

  "@pnpm/exe.win32-arm64@12.5.1":
    resolution:
      {
        integrity: sha512-49NvjZIXHly56/PLoEDD7VphbO4N8dwMXoApElDFCpVGDNGeKlwlib1tXtnpTF6i2/XIsAj7GgatHB5KHXgBnA==,
      }
    cpu: [arm64]
    os: [win32]

  "@pnpm/exe.win32-x64@12.5.1":
    resolution:
      {
        integrity: sha512-ePUmQFPAPJFNMwg1lelDx2PdjHqYRiF0yfg5e6qeDbPNOu97QNo557Ru/SxmCrmt8ydQWNuZXWpdEp019md5vw==,
      }
    cpu: [x64]
    os: [win32]

  pnpm@12.5.1:
    resolution:
      {
        integrity: sha512-4/MFvHhKK8ifWtO2E4iJRw+ujSr182thIW7JHCw9ZAiXdfneOKrDMQROpA8kXLDVZmOS399lgk4ZB+9qLGLeXw==,
      }
    engines: { node: ">=18.*" }
    hasBin: true

snapshots:
  "@pnpm/exe.android-arm64@12.5.1":
    optional: true

  "@pnpm/exe.android-x64@12.5.1":
    optional: true

  "@pnpm/exe.darwin-arm64@12.5.1":
    optional: true

  "@pnpm/exe.darwin-x64@12.5.1":
    optional: true

  "@pnpm/exe.freebsd-x64@12.5.1":
    optional: true

  "@pnpm/exe.linux-arm64-musl@12.5.1":
    optional: true

  "@pnpm/exe.linux-arm64@12.5.1":
    optional: true

  "@pnpm/exe.linux-ppc64@12.5.1":
    optional: true

  "@pnpm/exe.linux-riscv64@12.5.1":
    optional: true

  "@pnpm/exe.linux-s390x@12.5.1":
    optional: true

  "@pnpm/exe.linux-x64-musl@12.5.1":
    optional: true

  "@pnpm/exe.linux-x64@12.5.1":
    optional: true

  "@pnpm/exe.win32-arm64@12.5.1":
    optional: true

  "@pnpm/exe.win32-x64@12.5.1":
    optional: true

  pnpm@12.5.1:
    optionalDependencies:
      "@pnpm/exe.android-arm64": 12.5.1
      "@pnpm/exe.android-x64": 12.5.1
      "@pnpm/exe.darwin-arm64": 12.5.1
      "@pnpm/exe.darwin-x64": 12.5.1
      "@pnpm/exe.freebsd-x64": 12.5.1
      "@pnpm/exe.linux-arm64": 12.5.1
      "@pnpm/exe.linux-arm64-musl": 12.5.1
      "@pnpm/exe.linux-ppc64": 12.5.1
      "@pnpm/exe.linux-riscv64": 12.5.1
      "@pnpm/exe.linux-s390x": 12.5.1
      "@pnpm/exe.linux-x64": 12.5.1
      "@pnpm/exe.linux-x64-musl": 12.5.1
      "@pnpm/exe.win32-arm64": 12.5.1
      "@pnpm/exe.win32-x64": 12.5.1

---
lockfileVersion: '9.0'

settings:
  autoInstallPeers: true
  excludeLinksFromLockfile: false

overrides:
  readdir-glob: 3.0.0
  glob: 13.0.6

importers:

  .:
    dependencies:
      '@internationalized/date':
        specifier: 3.12.4
        version: 3.12.4
      '@tsconfig/strictest':
        specifier: 2.0.8
        version: 2.0.8
      consola:
        specifier: 3.4.2
        version: 3.4.2
      echarts:
        specifier: 6.1.0
        version: 6.1.0
      kysely:
        specifier: 0.29.6
        version: 0.29.6
      node-cron:
        specifier: 4.6.0
        version: 4.6.0
      pg:
        specifier: 8.23.0
        version: 8.23.0
      shared:
        specifier: workspace:../shared
        version: link:../shared
      zod:
        specifier: 4.6.5
        version: 4.6.5
    devDependencies:
      rolldown:
        specifier: 1.2.9
        version: 1.2.9

packages:

  '@internationalized/date@3.12.4':
    resolution: {integrity: sha512-M1dEn4c1U1HsSlaVR8upZtSqvXrTkHDfv18H01uCSJyjVLDxnBR38v/fMxecmlwXKR4i9HeZcmgQAPE6A+aGJQ==}

  '@oxc-project/types@0.150.0':
    resolution: {integrity: sha512-rDS5/31E9HfPl/CIzGrn0DOlvBbXFseQ5URJ9sYMfstbKLD/c6Gm9vmRzRGDdAXyOIL4zmO37lc9RIwYqVruZw==}

  '@rolldown/binding-android-arm-eabi@1.2.9':
    resolution: {integrity: sha512-tNISae1QEf/vkb3xkRcjV5SEdzPE97We5IVaa2Z8jSszQPZ8U60B/YCYpw4QI7VidYsBtKavczXf+DyDs9WGxw==}
    engines: {node: ^20.19.0 || >=22.12.0}
    cpu: [arm]
    os: [android]

  '@rolldown/binding-android-arm64@1.2.9':
    resolution: {integrity: sha512-YC8YsI30o606GTZi0VyzYlsDKFP8W61i/QzayHDkLbNEz/IShqAmTa+hsJRj13xTHA0H+6fk4b2UmGn+Q/cMlg==}
    engines: {node: ^20.19.0 || >=22.12.0}
    cpu: [arm64]
    os: [android]

  '@rolldown/binding-darwin-arm64@1.2.9':
    resolution: {integrity: sha512-IwhlH3qK5urrY8hZiEgGkHKEFN901p/p2bjxCxJlr4GyNnF7wYpUvK+Y43uaRYuC4hpfjzbR3SJC3arX1jGvmw==}
    engines: {node: ^20.19.0 || >=22.12.0}
    cpu: [arm64]
    os: [darwin]

  '@rolldown/binding-darwin-x64@1.2.9':
    resolution: {integrity: sha512-XxpJfVzFh+jilRxIXUqcfYAYcunIc/XEzIizsOL1fcJee5Sf7H3mH8WlLmfHfluz5amqR88QQo9izKtmMlavAw==}
    engines: {node: ^20.19.0 || >=22.12.0}
    cpu: [x64]
    os: [darwin]

  '@rolldown/binding-freebsd-x64@1.2.9':
    resolution: {integrity: sha512-kSfvhmgeWyfkbT3p/1s5vSgboogoah2zkm9fX2zjg2hHxSV7T4KhMWRUUaRk4OXNqoD3QAUeRqLcs1aZOK4U1g==}
    engines: {node: ^20.19.0 || >=22.12.0}
    cpu: [x64]
    os: [freebsd]

  '@rolldown/binding-linux-arm-gnueabihf@1.2.9':
    resolution: {integrity: sha512-1RVzG17pxqbTfYLC352JlLt6kKLG+6Hr30n8DlIJqsnV5luUDd2Qdx9Ayw1Cabfyb1K9k0jXEZ7evxkRoT+uiw==}
    engines: {node: ^20.19.0 || >=22.12.0}
    cpu: [arm]
    os: [linux]

  '@rolldown/binding-linux-arm64-gnu@1.2.9':
    resolution: {integrity: sha512-BXqPvZ2drqVD+/Z8UpKwcs4Mp7grM+eGFku4CAEKrEtcbAsUpzREphK1sogCRZGreVPiMkiiBtw0n3TPteuqvw==}
    engines: {node: ^20.19.0 || >=22.12.0}
    cpu: [arm64]
    os: [linux]
    libc: [glibc]

  '@rolldown/binding-linux-arm64-musl@1.2.9':
    resolution: {integrity: sha512-11vWvo8YDwLzukt27J3aYDWU+gg2P7J+ZOmiJ0hkF5BXZDW7pVya7r40MXDy6ya0i9KamoENSVKIugvJNgFXIA==}
    engines: {node: ^20.19.0 || >=22.12.0}
    cpu: [arm64]
    os: [linux]
    libc: [musl]

  '@rolldown/binding-linux-ppc64-gnu@1.2.9':
    resolution: {integrity: sha512-a1tijMkdwsIARtc0F39ApURROkf3NwqinI6TOiSSWCTR7dT96dffNvMUtDHnq64wKNTIZOIlzKrFvvFUznJiyw==}
    engines: {node: ^20.19.0 || >=22.12.0}
    cpu: [ppc64]
    os: [linux]
    libc: [glibc]

  '@rolldown/binding-linux-s390x-gnu@1.2.9':
    resolution: {integrity: sha512-x6SQNdAvv4c3hWqTMaWuawzMX9myaCs/yEmlGsxJzkdClnHW7FbrjQuSiRDhuSYzEYoEMhsaJy9qHG/XNemJPQ==}
    engines: {node: ^20.19.0 || >=22.12.0}
    cpu: [s390x]
    os: [linux]
    libc: [glibc]

  '@rolldown/binding-linux-x64-gnu@1.2.9':
    resolution: {integrity: sha512-9s0AZ8BFK5/n7B/TBoa2yJE3gI3KURrbXcPBlsAsvjU4VeJKgE90y1YtNxyEUIcHPQkg6/yfF3qihUrcM/Kf0Q==}
    engines: {node: ^20.19.0 || >=22.12.0}
    cpu: [x64]
    os: [linux]
    libc: [glibc]

  '@rolldown/binding-linux-x64-musl@1.2.9':
    resolution: {integrity: sha512-P7VWAmV+WdJluH7ovnRGoiv2i8To7GAZ+kGzfGup635cyL7SyYl3lSUaA3Gp5THf0n/Co5EyEqb2zbqq+nMOHQ==}
    engines: {node: ^20.19.0 || >=22.12.0}
    cpu: [x64]
    os: [linux]
    libc: [musl]

  '@rolldown/binding-openharmony-arm64@1.2.9':
    resolution: {integrity: sha512-1qixtsE4BK8h+yS3BfmZ09UhA7O/N4IACva6YBr7EBvCJraByTuRcgOTaiA62Tm0vey3UcKXLOaoGHtYmNGEVg==}
    engines: {node: ^20.19.0 || >=22.12.0}
    cpu: [arm64]
    os: [openharmony]

  '@rolldown/binding-win32-arm64-msvc@1.2.9':
    resolution: {integrity: sha512-ok8IQjcEPs1AKZfuEUznVBrJw+gK4soq+bx8b1X2XoMqVClarc1q5JDmVtWXY1xfr6ZuHTAsPXHTgTrqKTZeww==}
    engines: {node: ^20.19.0 || >=22.12.0}
    cpu: [arm64]
    os: [win32]

  '@rolldown/binding-win32-x64-msvc@1.2.9':
    resolution: {integrity: sha512-Ip2mXoU0hM0boq3Rf+ekuT653OROSo6aSYcPT1VHE4q52KvyxgFkQgrgb/IEsxOuvQ2fZZbs8khJAyCEPM24/g==}
    engines: {node: ^20.19.0 || >=22.12.0}
    cpu: [x64]
    os: [win32]

  '@rolldown/pluginutils@1.0.1':
    resolution: {integrity: sha512-2j9bGt5Jh8hj+vPtgzPtl72j0yRxHAyumoo6TNfAjsLB04UtpSvPbPcDcBMxz7n+9CYB0c1GxQFxYRg2jimqGw==}

  '@swc/helpers@0.5.23':
    resolution: {integrity: sha512-5lSsMOTXURePglDfvuAQUqkGek9Hg2kksOYay2m0+XR++b2NWYL/4sWyuvVBIs8oKnJaxkdi9whaL/sqN13afw==}

  '@tsconfig/strictest@2.0.8':
    resolution: {integrity: sha512-XnQ7vNz5HRN0r88GYf1J9JJjqtZPiHt2woGJOo2dYqyHGGcd6OLGqSlBB6p1j9mpzja6Oe5BoPqWmeDx6X9rLw==}

  consola@3.4.2:
    resolution: {integrity: sha512-5IKcdX0nnYavi6G7TtOhwkYzyjfJlatbjMjuLSfE2kYT5pMDOilZ4OvMhi637CcDICTmz3wARPoyhqyX1Y+XvA==}
    engines: {node: ^14.18.0 || >=16.10.0}

  echarts@6.1.0:
    resolution: {integrity: sha512-q0yaFPggC9FUdsWH4blavRWFmxdrIodbkoKNAjJudAI6CA9gNPxHtV2RcZNEepZVlk4yvBYkOkbk6HIVpIyHZA==}

  kysely@0.29.6:
    resolution: {integrity: sha512-hHaB8C/rfzDDtr/t8YZwxAuPJTT0zHyaPoVzcXwDYhYNAgH/4sIfVhi/XLLIY+bL/FqaIJnjATDbi8ObSELmxg==}
    engines: {node: '>=22.0.0'}

  node-cron@4.6.0:
    resolution: {integrity: sha512-Si/bzYiKRHOB8/a99T2+SDGN582ONDMSTlJr5oCkT6GtnqPjZ2s10eoQRYkW9ZHwjVxONL+W8Fb+qR0AHMQsdg==}
    engines: {node: '>=20'}

  pg-cloudflare@1.4.0:
    resolution: {integrity: sha512-Vo7z/6rrQYxpNRylp4Tlob2elzbh+N/MOQbxFVWCxS7oEx6jF53GTJFxK2WWpKuBRkmiin4Mt+xofFDjx09R0A==}

  pg-connection-string@2.14.0:
    resolution: {integrity: sha512-XwWDGcLRGCXAR8F/AM5bG7Q+A3Wm2s6QeEjlOKZLlH3UYcguiqCWKyWXVag5TLTIjR7oOJUY8kcADaZgWPyLeg==}

  pg-int8@1.0.1:
    resolution: {integrity: sha512-WCtabS6t3c8SkpDBUlb1kjOs7l66xsGdKpIPZsg4wR+B3+u9UAum2odSsF9tnvxg80h4ZxLWMy4pRjOsFIqQpw==}
    engines: {node: '>=4.0.0'}

  pg-pool@3.14.0:
    resolution: {integrity: sha512-gKtPkFdQPU3DksooVLi9LsjZxrsBUZIpa+7aVx+LV5pNh0KzP4Zleud2po+ConrxbuXGBJ6Hfer6hdgpIBpBaw==}
    peerDependencies:
      pg: '>=8.0'

  pg-protocol@1.16.0:
    resolution: {integrity: sha512-sILXutLVjCLjcDuOmvhX5e2Z4cS5qG/6Bu3VkpFwdf/633ElGLpEh9bgmuI5I4sqKqkifQiGyiCcx1HdtrK7tg==}

  pg-types@2.2.0:
    resolution: {integrity: sha512-qTAAlrEsl8s4OiEQY69wDvcMIdQN6wdz5ojQiOy6YRMuynxenON0O5oCpJI6lshc6scgAY8qvJ2On/p+CXY0GA==}
    engines: {node: '>=4'}

  pg@8.23.0:
    resolution: {integrity: sha512-Ip2EQCngowJLGOfCwkFhPXU7/ljlhn6Rxlmy4XYfL2Y+vyRM59+8uR2xqRWKdYmbXmxCFOAmKxBuSUCdF34qLg==}
    engines: {node: '>= 16.0.0'}
    peerDependencies:
      pg-native: '>=3.0.1'
    peerDependenciesMeta:
      pg-native:
        optional: true

  pgpass@1.0.5:
    resolution: {integrity: sha512-FdW9r/jQZhSeohs1Z3sI1yxFQNFvMcnmfuj4WBMUTxOrAyLMaTcE1aAMBiTlbMNaXvBCQuVi0R7hd8udDSP7ug==}

  postgres-array@2.0.0:
    resolution: {integrity: sha512-VpZrUqU5A69eQyW2c5CA1jtLecCsN2U/bD6VilrFDWq5+5UIEVO7nazS3TEcHf1zuPYO/sqGvUvW62g86RXZuA==}
    engines: {node: '>=4'}

  postgres-bytea@1.0.1:
    resolution: {integrity: sha512-5+5HqXnsZPE65IJZSMkZtURARZelel2oXUEO8rH83VS/hxH5vv1uHquPg5wZs8yMAfdv971IU+kcPUczi7NVBQ==}
    engines: {node: '>=0.10.0'}

  postgres-date@1.0.7:
    resolution: {integrity: sha512-suDmjLVQg78nMK2UZ454hAG+OAW+HQPZ6n++TNDUX+L0+uUlLywnoxJKDou51Zm+zTCjrCl0Nq6J9C5hP9vK/Q==}
    engines: {node: '>=0.10.0'}

  postgres-interval@1.2.0:
    resolution: {integrity: sha512-9ZhXKM/rw350N1ovuWHbGxnGh/SNJ4cnxHiM0rxE4VN41wsg8P8zWn9hv/buK00RP4WvlOyr/RBDiptyxVbkZQ==}
    engines: {node: '>=0.10.0'}

  rolldown@1.2.9:
    resolution: {integrity: sha512-hx/Pv0N1haXRb11qkfnK5MXB/iqr7i0yjWQqmO9uHqZpBgQSqzc8UsSnEpalsh+j1I8qQ2CkXAkJC8Br3dKSlg==}
    engines: {node: ^20.19.0 || >=22.12.0}
    hasBin: true

  split2@4.2.0:
    resolution: {integrity: sha512-UcjcJOWknrNkF6PLX83qcHM6KHgVKNkV62Y8a5uYDVv9ydGQVwAHMKqHdJje1VTWpljG0WYpCDhrCdAOYH4TWg==}
    engines: {node: '>= 10.x'}

  tslib@2.3.0:
    resolution: {integrity: sha512-N82ooyxVNm6h1riLCoyS9e3fuJ3AMG2zIZs2Gd1ATcSFjSA23Q0fzjjZeh0jbJvWVDZ0cJT8yaNNaaXHzueNjg==}

  tslib@2.8.1:
    resolution: {integrity: sha512-oJFu94HQb+KVduSUQL7wnpmqnfmLsOA/nAh6b6EH0wCEoK0/mPeXU6c3wKDV83MkOuHPRHtSXKKU99IBazS/2w==}

  xtend@4.0.2:
    resolution: {integrity: sha512-LKYU1iAXJXUgAXn9URjiu+MWhyUXHsvfp7mcuYm9dSUKK0/CjtrUwFAxD82/mCWbtLsGjFIad0wIsod4zrTAEQ==}
    engines: {node: '>=0.4'}

  zod@4.6.5:
    resolution: {integrity: sha512-v5l/aFXZQeai4awLbOpSoHecE9UiMrnfx75tEXLjNonXVARxQ5mOeipTjROUchszUNCqnE+hqAMujRsRHsut2Q==}

  zrender@6.1.0:
    resolution: {integrity: sha512-oEGMDB6pOP2S6OwRR4PdVv610zrjnA3Bh+JnSG12fYJlBKjtNAoEb5fSUoCOOINlH96I2fU38/A2UpRKs67xYQ==}

snapshots:

  '@internationalized/date@3.12.4':
    dependencies:
      '@swc/helpers': 0.5.23

  '@oxc-project/types@0.150.0': {}

  '@rolldown/binding-android-arm-eabi@1.2.9':
    optional: true

  '@rolldown/binding-android-arm64@1.2.9':
    optional: true

  '@rolldown/binding-darwin-arm64@1.2.9':
    optional: true

  '@rolldown/binding-darwin-x64@1.2.9':
    optional: true

  '@rolldown/binding-freebsd-x64@1.2.9':
    optional: true

  '@rolldown/binding-linux-arm-gnueabihf@1.2.9':
    optional: true

  '@rolldown/binding-linux-arm64-gnu@1.2.9':
    optional: true

  '@rolldown/binding-linux-arm64-musl@1.2.9':
    optional: true

  '@rolldown/binding-linux-ppc64-gnu@1.2.9':
    optional: true

  '@rolldown/binding-linux-s390x-gnu@1.2.9':
    optional: true

  '@rolldown/binding-linux-x64-gnu@1.2.9':
    optional: true

  '@rolldown/binding-linux-x64-musl@1.2.9':
    optional: true

  '@rolldown/binding-openharmony-arm64@1.2.9':
    optional: true

  '@rolldown/binding-win32-arm64-msvc@1.2.9':
    optional: true

  '@rolldown/binding-win32-x64-msvc@1.2.9':
    optional: true

  '@rolldown/pluginutils@1.0.1': {}

  '@swc/helpers@0.5.23':
    dependencies:
      tslib: 2.8.1

  '@tsconfig/strictest@2.0.8': {}

  consola@3.4.2: {}

  echarts@6.1.0:
    dependencies:
      tslib: 2.3.0
      zrender: 6.1.0

  kysely@0.29.6: {}

  node-cron@4.6.0: {}

  pg-cloudflare@1.4.0:
    optional: true

  pg-connection-string@2.14.0: {}

  pg-int8@1.0.1: {}

  pg-pool@3.14.0(pg@8.23.0):
    dependencies:
      pg: 8.23.0

  pg-protocol@1.16.0: {}

  pg-types@2.2.0:
    dependencies:
      pg-int8: 1.0.1
      postgres-array: 2.0.0
      postgres-bytea: 1.0.1
      postgres-date: 1.0.7
      postgres-interval: 1.2.0

  pg@8.23.0:
    dependencies:
      pg-connection-string: 2.14.0
      pg-pool: 3.14.0(pg@8.23.0)
      pg-protocol: 1.16.0
      pg-types: 2.2.0
      pgpass: 1.0.5
    optionalDependencies:
      pg-cloudflare: 1.4.0

  pgpass@1.0.5:
    dependencies:
      split2: 4.2.0

  postgres-array@2.0.0: {}

  postgres-bytea@1.0.1: {}

  postgres-date@1.0.7: {}

  postgres-interval@1.2.0:
    dependencies:
      xtend: 4.0.2

  rolldown@1.2.9:
    dependencies:
      '@oxc-project/types': 0.150.0
      '@rolldown/pluginutils': 1.0.1
    optionalDependencies:
      '@rolldown/binding-android-arm-eabi': 1.2.9
      '@rolldown/binding-android-arm64': 1.2.9
      '@rolldown/binding-darwin-arm64': 1.2.9
      '@rolldown/binding-darwin-x64': 1.2.9
      '@rolldown/binding-freebsd-x64': 1.2.9
      '@rolldown/binding-linux-arm-gnueabihf': 1.2.9
      '@rolldown/binding-linux-arm64-gnu': 1.2.9
      '@rolldown/binding-linux-arm64-musl': 1.2.9
      '@rolldown/binding-linux-ppc64-gnu': 1.2.9
      '@rolldown/binding-linux-s390x-gnu': 1.2.9
      '@rolldown/binding-linux-x64-gnu': 1.2.9
      '@rolldown/binding-linux-x64-musl': 1.2.9
      '@rolldown/binding-openharmony-arm64': 1.2.9
      '@rolldown/binding-win32-arm64-msvc': 1.2.9
      '@rolldown/binding-win32-x64-msvc': 1.2.9

  split2@4.2.0: {}

  tslib@2.3.0: {}

  tslib@2.8.1: {}

  xtend@4.0.2: {}

  zod@4.6.5: {}

  zrender@6.1.0:
    dependencies:
      tslib: 2.3.0
